{
  "name": "rinha-de-backend-2023-q3-k6",
  "lockfileVersion": 3,
  "requires": true,
  "packages": {
    "": {
      "name": "rinha-de-backend-2023-q3-k6",
      "dependencies": {
        "@faker-js/faker": "^8.0.2",
        "k6": "^0.0.0"
      }
    },
    "node_modules/@faker-js/faker": {
      "version": "8.0.2",
      "funding": [
        {
          "type": "opencollective",
          "url": "https://opencollective.com/fakerjs"
        }
      ],
      "license": "MIT",
      "engines": {
        "node": "^14.17.0 || ^16.13.0 || >=18.0.0",
        "npm": ">=6.14.13"
      }
    },
    "node_modules/k6": {
      "version": "0.0.0",
      "license": "AGPL-3.0"
    }
  }
}
